
Microsoft Visual Studio Solution File, Format Version 12.00
# Visual Studio Version 17
VisualStudioVersion = 17.14.36511.14
MinimumVisualStudioVersion = 10.0.40219.1
Project("{FAE04EC0-301F-11D3-BF4B-00C04F79EFBC}") = "WpfAppBoolTable", "WpfAppBoolTable\WpfAppBoolTable.csproj", "{931D53A4-0F62-4C40-AF57-E282B3AF9497}"
EndProject
Project("{FAE04EC0-301F-11D3-BF4B-00C04F79EFBC}") = "ClassLibraryBoolTable", "ClassLibraryBoolTable\ClassLibraryBoolTable.csproj", "{E987EBBE-DEC3-44EB-A0E0-B2A1A5347131}"
EndProject
Project("{FAE04EC0-301F-11D3-BF4B-00C04F79EFBC}") = "TestProjectBooleanTable", "TestProjectBooleanTable\TestProjectBooleanTable.csproj", "{3ED6BBE8-A657-4630-B2CF-F2B58B95EE30}"
EndProject
Global
	GlobalSection(SolutionConfigurationPlatforms) = preSolution
		Debug|Any CPU = Debug|Any CPU
		Release|Any CPU = Release|Any CPU
	EndGlobalSection
	GlobalSection(ProjectConfigurationPlatforms) = postSolution
		{931D53A4-0F62-4C40-AF57-E282B3AF9497}.Debug|Any CPU.ActiveCfg = Debug|Any CPU
		{931D53A4-0F62-4C40-AF57-E282B3AF9497}.Debug|Any CPU.Build.0 = Debug|Any CPU
		{931D53A4-0F62-4C40-AF57-E282B3AF9497}.Release|Any CPU.ActiveCfg = Release|Any CPU
		{931D53A4-0F62-4C40-AF57-E282B3AF9497}.Release|Any CPU.Build.0 = Release|Any CPU
		{E987EBBE-DEC3-44EB-A0E0-B2A1A5347131}.Debug|Any CPU.ActiveCfg = Debug|Any CPU
		{E987EBBE-DEC3-44EB-A0E0-B2A1A5347131}.Debug|Any CPU.Build.0 = Debug|Any CPU
		{E987EBBE-DEC3-44EB-A0E0-B2A1A5347131}.Release|Any CPU.ActiveCfg = Release|Any CPU
		{E987EBBE-DEC3-44EB-A0E0-B2A1A5347131}.Release|Any CPU.Build.0 = Release|Any CPU
		{3ED6BBE8-A657-4630-B2CF-F2B58B95EE30}.Debug|Any CPU.ActiveCfg = Debug|Any CPU
		{3ED6BBE8-A657-4630-B2CF-F2B58B95EE30}.Debug|Any CPU.Build.0 = Debug|Any CPU
		{3ED6BBE8-A657-4630-B2CF-F2B58B95EE30}.Release|Any CPU.ActiveCfg = Release|Any CPU
		{3ED6BBE8-A657-4630-B2CF-F2B58B95EE30}.Release|Any CPU.Build.0 = Release|Any CPU
	EndGlobalSection
	GlobalSection(SolutionProperties) = preSolution
		HideSolutionNode = FALSE
	EndGlobalSection
	GlobalSection(ExtensibilityGlobals) = postSolution
		SolutionGuid = {43E2FD8C-512F-4BD8-B557-055CA9D0EFC9}
	EndGlobalSection
EndGlobal
